// !$*UTF8*$!
{
	archiveVersion = 1;
	classes = {
	};
	objectVersion = 46;
	objects = {

/* Begin PBXBuildFile section */
		A581AE321DB53860006544B2 /* Business.swift in Sources */ = {isa = PBXBuildFile; fileRef = A581AE311DB53860006544B2 /* Business.swift */; };
		A581AE341DB53945006544B2 /* YelpClient.swift in Sources */ = {isa = PBXBuildFile; fileRef = A581AE331DB53945006544B2 /* YelpClient.swift */; };
		A581AE361DB5398F006544B2 /* BusinessesViewController.swift in Sources */ = {isa = PBXBuildFile; fileRef = A581AE351DB5398F006544B2 /* BusinessesViewController.swift */; };
		A5CA688E1DB3E1EA0085DCF9 /* AppDelegate.swift in Sources */ = {isa = PBXBuildFile; fileRef = A5CA688D1DB3E1EA0085DCF9 /* AppDelegate.swift */; };
		A5CA68931DB3E1EA0085DCF9 /* Main.storyboard in Resources */ = {isa = PBXBuildFile; fileRef = A5CA68911DB3E1EA0085DCF9 /* Main.storyboard */; };
		A5CA68951DB3E1EA0085DCF9 /* Assets.xcassets in Resources */ = {isa = PBXBuildFile; fileRef = A5CA68941DB3E1EA0085DCF9 /* Assets.xcassets */; };
		A5CA68981DB3E1EA0085DCF9 /* LaunchScreen.storyboard in Resources */ = {isa = PBXBuildFile; fileRef = A5CA68961DB3E1EA0085DCF9 /* LaunchScreen.storyboard */; };
		F91065DC1B85B789A2434556 /* Pods_Yelp.framework in Frameworks */ = {isa = PBXBuildFile; fileRef = A2893DC5CAF45E9E472DFFCC /* Pods_Yelp.framework */; };
/* End PBXBuildFile section */

/* Begin PBXFileReference section */
		54E6FC3FD7D2654ED0511482 /* Pods-Yelp.release.xcconfig */ = {isa = PBXFileReference; includeInIndex = 1; lastKnownFileType = text.xcconfig; name = "Pods-Yelp.release.xcconfig"; path = "Pods/Target Support Files/Pods-Yelp/Pods-Yelp.release.xcconfig"; sourceTree = "<group>"; };
		6003C10E6EEF3A2ABECCE9B2 /* Pods-Yelp.debug.xcconfig */ = {isa = PBXFileReference; includeInIndex = 1; lastKnownFileType = text.xcconfig; name = "Pods-Yelp.debug.xcconfig"; path = "Pods/Target Support Files/Pods-Yelp/Pods-Yelp.debug.xcconfig"; sourceTree = "<group>"; };
		A2893DC5CAF45E9E472DFFCC /* Pods_Yelp.framework */ = {isa = PBXFileReference; explicitFileType = wrapper.framework; includeInIndex = 0; path = Pods_Yelp.framework; sourceTree = BUILT_PRODUCTS_DIR; };
		A581AE311DB53860006544B2 /* Business.swift */ = {isa = PBXFileReference; fileEncoding = 4; lastKnownFileType = sourcecode.swift; path = Business.swift; sourceTree = "<group>"; };
		A581AE331DB53945006544B2 /* YelpClient.swift */ = {isa = PBXFileReference; fileEncoding = 4; lastKnownFileType = sourcecode.swift; path = YelpClient.swift; sourceTree = "<group>"; };
		A581AE351DB5398F006544B2 /* BusinessesViewController.swift */ = {isa = PBXFileReference; fileEncoding = 4; lastKnownFileType = sourcecode.swift; path = BusinessesViewController.swift; sourceTree = "<group>"; };
		A5CA688A1DB3E1EA0085DCF9 /* Yelp.app */ = {isa = PBXFileReference; explicitFileType = wrapper.application; includeInIndex = 0; path = Yelp.app; sourceTree = BUILT_PRODUCTS_DIR; };
		A5CA688D1DB3E1EA0085DCF9 /* AppDelegate.swift */ = {isa = PBXFileReference; lastKnownFileType = sourcecode.swift; path = AppDelegate.swift; sourceTree = "<group>"; };
		A5CA68921DB3E1EA0085DCF9 /* Base */ = {isa = PBXFileReference; lastKnownFileType = file.storyboard; name = Base; path = Base.lproj/Main.storyboard; sourceTree = "<group>"; };
		A5CA68941DB3E1EA0085DCF9 /* Assets.xcassets */ = {isa = PBXFileReference; lastKnownFileType = folder.assetcatalog; path = Assets.xcassets; sourceTree = "<group>"; };
		A5CA68971DB3E1EA0085DCF9 /* Base */ = {isa = PBXFileReference; lastKnownFileType = file.storyboard; name = Base; path = Base.lproj/LaunchScreen.storyboard; sourceTree = "<group>"; };
		A5CA68991DB3E1EA0085DCF9 /* Info.plist */ = {isa = PBXFileReference; lastKnownFileType = text.plist.xml; path = Info.plist; sourceTree = "<group>"; };
/* End PBXFileReference section */

/* Begin PBXFrameworksBuildPhase section */
		A5CA68871DB3E1EA0085DCF9 /* Frameworks */ = {
			isa = PBXFrameworksBuildPhase;
			buildActionMask = 2147483647;
			files = (
				F91065DC1B85B789A2434556 /* Pods_Yelp.framework in Frameworks */,
			);
			runOnlyForDeploymentPostprocessing = 0;
		};
/* End PBXFrameworksBuildPhase section */

/* Begin PBXGroup section */
		8E0D7829468B9DB29C3E0FD4 /* Frameworks */ = {
			isa = PBXGroup;
			children = (
				A2893DC5CAF45E9E472DFFCC /* Pods_Yelp.framework */,
			);
			name = Frameworks;
			sourceTree = "<group>";
		};
		A581AE2E1DB53850006544B2 /* API */ = {
			isa = PBXGroup;
			children = (
				A581AE331DB53945006544B2 /* YelpClient.swift */,
			);
			path = API;
			sourceTree = "<group>";
		};
		A581AE2F1DB53850006544B2 /* Models */ = {
			isa = PBXGroup;
			children = (
				A581AE311DB53860006544B2 /* Business.swift */,
			);
			path = Models;
			sourceTree = "<group>";
		};
		A581AE301DB53850006544B2 /* View Controllers */ = {
			isa = PBXGroup;
			children = (
				A581AE351DB5398F006544B2 /* BusinessesViewController.swift */,
			);
			path = "View Controllers";
			sourceTree = "<group>";
		};
		A5CA68811DB3E1EA0085DCF9 = {
			isa = PBXGroup;
			children = (
				A5CA688C1DB3E1EA0085DCF9 /* Yelp */,
				A5CA688B1DB3E1EA0085DCF9 /* Products */,
				D71CA38E4C1569C567211C0B /* Pods */,
				8E0D7829468B9DB29C3E0FD4 /* Frameworks */,
			);
			sourceTree = "<group>";
		};
		A5CA688B1DB3E1EA0085DCF9 /* Products */ = {
			isa = PBXGroup;
			children = (
				A5CA688A1DB3E1EA0085DCF9 /* Yelp.app */,
			);
			name = Products;
			sourceTree = "<group>";
		};
		A5CA688C1DB3E1EA0085DCF9 /* Yelp */ = {
			isa = PBXGroup;
			children = (
				A581AE2E1DB53850006544B2 /* API */,
				A581AE2F1DB53850006544B2 /* Models */,
				A581AE301DB53850006544B2 /* View Controllers */,
				A5CA688D1DB3E1EA0085DCF9 /* AppDelegate.swift */,
				A5CA68911DB3E1EA0085DCF9 /* Main.storyboard */,
				A5CA68941DB3E1EA0085DCF9 /* Assets.xcassets */,
				A5CA68961DB3E1EA0085DCF9 /* LaunchScreen.storyboard */,
				A5CA68991DB3E1EA0085DCF9 /* Info.plist */,
			);
			path = Yelp;
			sourceTree = "<group>";
		};
		D71CA38E4C1569C567211C0B /* Pods */ = {
			isa = PBXGroup;
			children = (
				6003C10E6EEF3A2ABECCE9B2 /* Pods-Yelp.debug.xcconfig */,
				54E6FC3FD7D2654ED0511482 /* Pods-Yelp.release.xcconfig */,
			);
			name = Pods;
			sourceTree = "<group>";
		};
/* End PBXGroup section */

/* Begin PBXNativeTarget section */
		A5CA68891DB3E1EA0085DCF9 /* Yelp */ = {
			isa = PBXNativeTarget;
			buildConfigurationList = A5CA689C1DB3E1EA0085DCF9 /* Build configuration list for PBXNativeTarget "Yelp" */;
			buildPhases = (
				E40BC5397D5DA54D1F2F7A3F /* 📦 Check Pods Manifest.lock */,
				A5CA68861DB3E1EA0085DCF9 /* Sources */,
				A5CA68871DB3E1EA0085DCF9 /* Frameworks */,
				A5CA68881DB3E1EA0085DCF9 /* Resources */,
				227ED432BB1B8CBEE4F07E06 /* 📦 Embed Pods Frameworks */,
				43C03E7BDCA629E2D8CA3746 /* 📦 Copy Pods Resources */,
			);
			buildRules = (
			);
			dependencies = (
			);
			name = Yelp;
			productName = Yelp;
			productReference = A5CA688A1DB3E1EA0085DCF9 /* Yelp.app */;
			productType = "com.apple.product-type.application";
		};
/* End PBXNativeTarget section */

/* Begin PBXProject section */
		A5CA68821DB3E1EA0085DCF9 /* Project object */ = {
			isa = PBXProject;
			attributes = {
				LastSwiftUpdateCheck = 0800;
				LastUpgradeCheck = 0800;
				ORGANIZATIONNAME = CoderSchool;
				TargetAttributes = {
					A5CA68891DB3E1EA0085DCF9 = {
						CreatedOnToolsVersion = 8.0;
						ProvisioningStyle = Automatic;
					};
				};
			};
			buildConfigurationList = A5CA68851DB3E1EA0085DCF9 /* Build configuration list for PBXProject "Yelp" */;
			compatibilityVersion = "Xcode 3.2";
			developmentRegion = English;
			hasScannedForEncodings = 0;
			knownRegions = (
				en,
				Base,
			);
			mainGroup = A5CA68811DB3E1EA0085DCF9;
			productRefGroup = A5CA688B1DB3E1EA0085DCF9 /* Products */;
			projectDirPath = "";
			projectRoot = "";
			targets = (
				A5CA68891DB3E1EA0085DCF9 /* Yelp */,
			);
		};
/* End PBXProject section */

/* Begin PBXResourcesBuildPhase section */
		A5CA68881DB3E1EA0085DCF9 /* Resources */ = {
			isa = PBXResourcesBuildPhase;
			buildActionMask = 2147483647;
			files = (
				A5CA68981DB3E1EA0085DCF9 /* LaunchScreen.storyboard in Resources */,
				A5CA68951DB3E1EA0085DCF9 /* Assets.xcassets in Resources */,
				A5CA68931DB3E1EA0085DCF9 /* Main.storyboard in Resources */,
			);
			runOnlyForDeploymentPostprocessing = 0;
		};
/* End PBXResourcesBuildPhase section */

/* Begin PBXShellScriptBuildPhase section */
		227ED432BB1B8CBEE4F07E06 /* 📦 Embed Pods Frameworks */ = {
			isa = PBXShellScriptBuildPhase;
			buildActionMask = 2147483647;
			files = (
			);
			inputPaths = (
			);
			name = "📦 Embed Pods Frameworks";
			outputPaths = (
			);
			runOnlyForDeploymentPostprocessing = 0;
			shellPath = /bin/sh;
			shellScript = "\"${SRCROOT}/Pods/Target Support Files/Pods-Yelp/Pods-Yelp-frameworks.sh\"\n";
			showEnvVarsInLog = 0;
		};
		43C03E7BDCA629E2D8CA3746 /* 📦 Copy Pods Resources */ = {
			isa = PBXShellScriptBuildPhase;
			buildActionMask = 2147483647;
			files = (
			);
			inputPaths = (
			);
			name = "📦 Copy Pods Resources";
			outputPaths = (
			);
			runOnlyForDeploymentPostprocessing = 0;
			shellPath = /bin/sh;
			shellScript = "\"${SRCROOT}/Pods/Target Support Files/Pods-Yelp/Pods-Yelp-resources.sh\"\n";
			showEnvVarsInLog = 0;
		};
		E40BC5397D5DA54D1F2F7A3F /* 📦 Check Pods Manifest.lock */ = {
			isa = PBXShellScriptBuildPhase;
			buildActionMask = 2147483647;
			files = (
			);
			inputPaths = (
			);
			name = "📦 Check Pods Manifest.lock";
			outputPaths = (
			);
			runOnlyForDeploymentPostprocessing = 0;
			shellPath = /bin/sh;
			shellScript = "diff \"${PODS_ROOT}/../Podfile.lock\" \"${PODS_ROOT}/Manifest.lock\" > /dev/null\nif [[ $? != 0 ]] ; then\n    cat << EOM\nerror: The sandbox is not in sync with the Podfile.lock. Run 'pod install' or update your CocoaPods installation.\nEOM\n    exit 1\nfi\n";
			showEnvVarsInLog = 0;
		};
/* End PBXShellScriptBuildPhase section */

/* Begin PBXSourcesBuildPhase section */
		A5CA68861DB3E1EA0085DCF9 /* Sources */ = {
			isa = PBXSourcesBuildPhase;
			buildActionMask = 2147483647;
			files = (
				A581AE361DB5398F006544B2 /* BusinessesViewController.swift in Sources */,
				A581AE341DB53945006544B2 /* YelpClient.swift in Sources */,
				A581AE321DB53860006544B2 /* Business.swift in Sources */,
				A5CA688E1DB3E1EA0085DCF9 /* AppDelegate.swift in Sources */,
			);
			runOnlyForDeploymentPostprocessing = 0;
		};
/* End PBXSourcesBuildPhase section */

/* Begin PBXVariantGroup section */
		A5CA68911DB3E1EA0085DCF9 /* Main.storyboard */ = {
			isa = PBXVariantGroup;
			children = (
				A5CA68921DB3E1EA0085DCF9 /* Base */,
			);
			name = Main.storyboard;
			sourceTree = "<group>";
		};
		A5CA68961DB3E1EA0085DCF9 /* LaunchScreen.storyboard */ = {
			isa = PBXVariantGroup;
			children = (
				A5CA68971DB3E1EA0085DCF9 /* Base */,
			);
			name = LaunchScreen.storyboard;
			sourceTree = "<group>";
		};
/* End PBXVariantGroup section */

/* Begin XCBuildConfiguration section */
		A5CA689A1DB3E1EA0085DCF9 /* Debug */ = {
			isa = XCBuildConfiguration;
			buildSettings = {
				ALWAYS_SEARCH_USER_PATHS = NO;
				CLANG_ANALYZER_NONNULL = YES;
				CLANG_CXX_LANGUAGE_STANDARD = "gnu++0x";
				CLANG_CXX_LIBRARY = "libc++";
				CLANG_ENABLE_MODULES = YES;
				CLANG_ENABLE_OBJC_ARC = YES;
				CLANG_WARN_BOOL_CONVERSION = YES;
				CLANG_WARN_CONSTANT_CONVERSION = YES;
				CLANG_WARN_DIRECT_OBJC_ISA_USAGE = YES_ERROR;
				CLANG_WARN_DOCUMENTATION_COMMENTS = YES;
				CLANG_WARN_EMPTY_BODY = YES;
				CLANG_WARN_ENUM_CONVERSION = YES;
				CLANG_WARN_INFINITE_RECURSION = YES;
				CLANG_WARN_INT_CONVERSION = YES;
				CLANG_WARN_OBJC_ROOT_CLASS = YES_ERROR;
				CLANG_WARN_SUSPICIOUS_MOVES = YES;
				CLANG_WARN_UNREACHABLE_CODE = YES;
				CLANG_WARN__DUPLICATE_METHOD_MATCH = YES;
				"CODE_SIGN_IDENTITY[sdk=iphoneos*]" = "iPhone Developer";
				COPY_PHASE_STRIP = NO;
				DEBUG_INFORMATION_FORMAT = dwarf;
				ENABLE_STRICT_OBJC_MSGSEND = YES;
				ENABLE_TESTABILITY = YES;
				GCC_C_LANGUAGE_STANDARD = gnu99;
				GCC_DYNAMIC_NO_PIC = NO;
				GCC_NO_COMMON_BLOCKS = YES;
				GCC_OPTIMIZATION_LEVEL = 0;
				GCC_PREPROCESSOR_DEFINITIONS = (
					"DEBUG=1",
					"$(inherited)",
				);
				GCC_WARN_64_TO_32_BIT_CONVERSION = YES;
				GCC_WARN_ABOUT_RETURN_TYPE = YES_ERROR;
				GCC_WARN_UNDECLARED_SELECTOR = YES;
				GCC_WARN_UNINITIALIZED_AUTOS = YES_AGGRESSIVE;
				GCC_WARN_UNUSED_FUNCTION = YES;
				GCC_WARN_UNUSED_VARIABLE = YES;
				IPHONEOS_DEPLOYMENT_TARGET = 10.0;
				MTL_ENABLE_DEBUG_INFO = YES;
				ONLY_ACTIVE_ARCH = YES;
				SDKROOT = iphoneos;
				SWIFT_ACTIVE_COMPILATION_CONDITIONS = DEBUG;
				SWIFT_OPTIMIZATION_LEVEL = "-Onone";
				TARGETED_DEVICE_FAMILY = "1,2";
			};
			name = Debug;
		};
		A5CA689B1DB3E1EA0085DCF9 /* Release */ = {
			isa = XCBuildConfiguration;
			buildSettings = {
				ALWAYS_SEARCH_USER_PATHS = NO;
				CLANG_ANALYZER_NONNULL = YES;
				CLANG_CXX_LANGUAGE_STANDARD = "gnu++0x";
				CLANG_CXX_LIBRARY = "libc++";
				CLANG_ENABLE_MODULES = YES;
				CLANG_ENABLE_OBJC_ARC = YES;
				CLANG_WARN_BOOL_CONVERSION = YES;
				CLANG_WARN_CONSTANT_CONVERSION = YES;
				CLANG_WARN_DIRECT_OBJC_ISA_USAGE = YES_ERROR;
				CLANG_WARN_DOCUMENTATION_COMMENTS = YES;
				CLANG_WARN_EMPTY_BODY = YES;
				CLANG_WARN_ENUM_CONVERSION = YES;
				CLANG_WARN_INFINITE_RECURSION = YES;
				CLANG_WARN_INT_CONVERSION = YES;
				CLANG_WARN_OBJC_ROOT_CLASS = YES_ERROR;
				CLANG_WARN_SUSPICIOUS_MOVES = YES;
				CLANG_WARN_UNREACHABLE_CODE = YES;
				CLANG_WARN__DUPLICATE_METHOD_MATCH = YES;
				"CODE_SIGN_IDENTITY[sdk=iphoneos*]" = "iPhone Developer";
				COPY_PHASE_STRIP = NO;
				DEBUG_INFORMATION_FORMAT = "dwarf-with-dsym";
				ENABLE_NS_ASSERTIONS = NO;
				ENABLE_STRICT_OBJC_MSGSEND = YES;
				GCC_C_LANGUAGE_STANDARD = gnu99;
				GCC_NO_COMMON_BLOCKS = YES;
				GCC_WARN_64_TO_32_BIT_CONVERSION = YES;
				GCC_WARN_ABOUT_RETURN_TYPE = YES_ERROR;
				GCC_WARN_UNDECLARED_SELECTOR = YES;
				GCC_WARN_UNINITIALIZED_AUTOS = YES_AGGRESSIVE;
				GCC_WARN_UNUSED_FUNCTION = YES;
				GCC_WARN_UNUSED_VARIABLE = YES;
				IPHONEOS_DEPLOYMENT_TARGET = 10.0;
				MTL_ENABLE_DEBUG_INFO = NO;
				SDKROOT = iphoneos;
				SWIFT_OPTIMIZATION_LEVEL = "-Owholemodule";
				TARGETED_DEVICE_FAMILY = "1,2";
				VALIDATE_PRODUCT = YES;
			};
			name = Release;
		};
		A5CA689D1DB3E1EA0085DCF9 /* Debug */ = {
			isa = XCBuildConfiguration;
			baseConfigurationReference = 6003C10E6EEF3A2ABECCE9B2 /* Pods-Yelp.debug.xcconfig */;
			buildSettings = {
				ASSETCATALOG_COMPILER_APPICON_NAME = AppIcon;
				INFOPLIST_FILE = Yelp/Info.plist;
				LD_RUNPATH_SEARCH_PATHS = "$(inherited) @executable_path/Frameworks";
				PRODUCT_BUNDLE_IDENTIFIER = coderschool.Yelp;
				PRODUCT_NAME = "$(TARGET_NAME)";
				SWIFT_VERSION = 3.0;
			};
			name = Debug;
		};
		A5CA689E1DB3E1EA0085DCF9 /* Release */ = {
			isa = XCBuildConfiguration;
			baseConfigurationReference = 54E6FC3FD7D2654ED0511482 /* Pods-Yelp.release.xcconfig */;
			buildSettings = {
				ASSETCATALOG_COMPILER_APPICON_NAME = AppIcon;
				INFOPLIST_FILE = Yelp/Info.plist;
				LD_RUNPATH_SEARCH_PATHS = "$(inherited) @executable_path/Frameworks";
				PRODUCT_BUNDLE_IDENTIFIER = coderschool.Yelp;
				PRODUCT_NAME = "$(TARGET_NAME)";
				SWIFT_VERSION = 3.0;
			};
			name = Release;
		};
/* End XCBuildConfiguration section */

/* Begin XCConfigurationList section */
		A5CA68851DB3E1EA0085DCF9 /* Build configuration list for PBXProject "Yelp" */ = {
			isa = XCConfigurationList;
			buildConfigurations = (
				A5CA689A1DB3E1EA0085DCF9 /* Debug */,
				A5CA689B1DB3E1EA0085DCF9 /* Release */,
			);
			defaultConfigurationIsVisible = 0;
			defaultConfigurationName = Release;
		};
		A5CA689C1DB3E1EA0085DCF9 /* Build configuration list for PBXNativeTarget "Yelp" */ = {
			isa = XCConfigurationList;
			buildConfigurations = (
				A5CA689D1DB3E1EA0085DCF9 /* Debug */,
				A5CA689E1DB3E1EA0085DCF9 /* Release */,
			);
			defaultConfigurationIsVisible = 0;
			defaultConfigurationName = Release;
		};
/* End XCConfigurationList section */
	};
	rootObject = A5CA68821DB3E1EA0085DCF9 /* Project object */;
}
